// !$*UTF8*$!
{
	archiveVersion = 1;
	classes = {
	};
	objectVersion = 56;
	objects = {

/* Begin PBXBuildFile section */
		3AFE46952C4C17C900AF85AD /* CourseQuery.graphql in Resources */ = {isa = PBXBuildFile; fileRef = 3AFE46942C4C17C900AF85AD /* CourseQuery.graphql */; };
		3AFE46982C4C198300AF85AD /* schema.json in Resources */ = {isa = PBXBuildFile; fileRef = 3AFE46972C4C198300AF85AD /* schema.json */; };
		3AFE46AE2C4C29F900AF85AD /* CourseQuery.graphql.swift in Sources */ = {isa = PBXBuildFile; fileRef = 3AFE46992C4C29F900AF85AD /* CourseQuery.graphql.swift */; };
		3AFE46AF2C4C29F900AF85AD /* DateTime.swift in Sources */ = {isa = PBXBuildFile; fileRef = 3AFE469C2C4C29F900AF85AD /* DateTime.swift */; };
		3AFE46B02C4C29F900AF85AD /* _Node.graphql.swift in Sources */ = {isa = PBXBuildFile; fileRef = 3AFE469E2C4C29F900AF85AD /* _Node.graphql.swift */; };
		3AFE46B12C4C29F900AF85AD /* Entry.graphql.swift in Sources */ = {isa = PBXBuildFile; fileRef = 3AFE469F2C4C29F900AF85AD /* Entry.graphql.swift */; };
		3AFE46B22C4C29F900AF85AD /* Asset.graphql.swift in Sources */ = {isa = PBXBuildFile; fileRef = 3AFE46A12C4C29F900AF85AD /* Asset.graphql.swift */; };
		3AFE46B32C4C29F900AF85AD /* Course.graphql.swift in Sources */ = {isa = PBXBuildFile; fileRef = 3AFE46A22C4C29F900AF85AD /* Course.graphql.swift */; };
		3AFE46B42C4C29F900AF85AD /* CourseCollection.graphql.swift in Sources */ = {isa = PBXBuildFile; fileRef = 3AFE46A32C4C29F900AF85AD /* CourseCollection.graphql.swift */; };
		3AFE46B52C4C29F900AF85AD /* CourseSectionCollection.graphql.swift in Sources */ = {isa = PBXBuildFile; fileRef = 3AFE46A42C4C29F900AF85AD /* CourseSectionCollection.graphql.swift */; };
		3AFE46B62C4C29F900AF85AD /* Query.graphql.swift in Sources */ = {isa = PBXBuildFile; fileRef = 3AFE46A52C4C29F900AF85AD /* Query.graphql.swift */; };
		3AFE46B72C4C29F900AF85AD /* Section.graphql.swift in Sources */ = {isa = PBXBuildFile; fileRef = 3AFE46A62C4C29F900AF85AD /* Section.graphql.swift */; };
		3AFE46B82C4C29F900AF85AD /* Sys.graphql.swift in Sources */ = {isa = PBXBuildFile; fileRef = 3AFE46A72C4C29F900AF85AD /* Sys.graphql.swift */; };
		3AFE46B92C4C29F900AF85AD /* SchemaConfiguration.swift in Sources */ = {isa = PBXBuildFile; fileRef = 3AFE46A92C4C29F900AF85AD /* SchemaConfiguration.swift */; };
		3AFE46BA2C4C29F900AF85AD /* SchemaMetadata.graphql.swift in Sources */ = {isa = PBXBuildFile; fileRef = 3AFE46AA2C4C29F900AF85AD /* SchemaMetadata.graphql.swift */; };
		3AFE46BB2C4C29F900AF85AD /* SwiftUIConcurrency.graphql.swift in Sources */ = {isa = PBXBuildFile; fileRef = 3AFE46AC2C4C29F900AF85AD /* SwiftUIConcurrency.graphql.swift */; };
		3AFE46BE2C4C2A6F00AF85AD /* Network.swift in Sources */ = {isa = PBXBuildFile; fileRef = 3AFE46BD2C4C2A6F00AF85AD /* Network.swift */; };
		3AFE46C12C4C2B5300AF85AD /* CourseViewModel.swift in Sources */ = {isa = PBXBuildFile; fileRef = 3AFE46C02C4C2B5300AF85AD /* CourseViewModel.swift */; };
		3AFE46C42C4C31B100AF85AD /* CourseModel.swift in Sources */ = {isa = PBXBuildFile; fileRef = 3AFE46C32C4C31B100AF85AD /* CourseModel.swift */; };
		3AFE46C62C4D291300AF85AD /* CourseData.json in Resources */ = {isa = PBXBuildFile; fileRef = 3AFE46C52C4D291300AF85AD /* CourseData.json */; };
		3AFE46C82C4D291F00AF85AD /* LoadFromFile.swift in Sources */ = {isa = PBXBuildFile; fileRef = 3AFE46C72C4D291F00AF85AD /* LoadFromFile.swift */; };
		3AFE46CA2C4D294900AF85AD /* PreviewData.swift in Sources */ = {isa = PBXBuildFile; fileRef = 3AFE46C92C4D294900AF85AD /* PreviewData.swift */; };
		3AFE46CC2C4D2AB300AF85AD /* Extensions.swift in Sources */ = {isa = PBXBuildFile; fileRef = 3AFE46CB2C4D2AB300AF85AD /* Extensions.swift */; };
		442A26B92BFB7C84007AC523 /* DateTitle.swift in Sources */ = {isa = PBXBuildFile; fileRef = 442A26B82BFB7C84007AC523 /* DateTitle.swift */; };
		442A26BB2BFB7D91007AC523 /* HomeView.swift in Sources */ = {isa = PBXBuildFile; fileRef = 442A26BA2BFB7D91007AC523 /* HomeView.swift */; };
		442A26BF2BFB7E36007AC523 /* FeaturedCourseCard.swift in Sources */ = {isa = PBXBuildFile; fileRef = 442A26BE2BFB7E36007AC523 /* FeaturedCourseCard.swift */; };
		442A26C12BFB824A007AC523 /* FeaturedCourseList.swift in Sources */ = {isa = PBXBuildFile; fileRef = 442A26C02BFB824A007AC523 /* FeaturedCourseList.swift */; };
		442A26C32BFB82F3007AC523 /* CourseCard.swift in Sources */ = {isa = PBXBuildFile; fileRef = 442A26C22BFB82F3007AC523 /* CourseCard.swift */; };
		442A26C52BFB8530007AC523 /* CourseList.swift in Sources */ = {isa = PBXBuildFile; fileRef = 442A26C42BFB8530007AC523 /* CourseList.swift */; };
		442A26C82BFB92B7007AC523 /* Apollo in Frameworks */ = {isa = PBXBuildFile; productRef = 442A26C72BFB92B7007AC523 /* Apollo */; };
		4431662A2BD16D990080B121 /* SwiftUIConcurrencyApp.swift in Sources */ = {isa = PBXBuildFile; fileRef = 443166292BD16D990080B121 /* SwiftUIConcurrencyApp.swift */; };
		4431662C2BD16D990080B121 /* ContentView.swift in Sources */ = {isa = PBXBuildFile; fileRef = 4431662B2BD16D990080B121 /* ContentView.swift */; };
		4431662E2BD16D9A0080B121 /* Assets.xcassets in Resources */ = {isa = PBXBuildFile; fileRef = 4431662D2BD16D9A0080B121 /* Assets.xcassets */; };
		443166312BD16D9A0080B121 /* Preview Assets.xcassets in Resources */ = {isa = PBXBuildFile; fileRef = 443166302BD16D9A0080B121 /* Preview Assets.xcassets */; };
/* End PBXBuildFile section */

/* Begin PBXFileReference section */
		3AFE46942C4C17C900AF85AD /* CourseQuery.graphql */ = {isa = PBXFileReference; lastKnownFileType = text; path = CourseQuery.graphql; sourceTree = "<group>"; };
		3AFE46972C4C198300AF85AD /* schema.json */ = {isa = PBXFileReference; fileEncoding = 4; lastKnownFileType = text.json; path = schema.json; sourceTree = "<group>"; };
		3AFE46992C4C29F900AF85AD /* CourseQuery.graphql.swift */ = {isa = PBXFileReference; fileEncoding = 4; lastKnownFileType = sourcecode.swift; path = CourseQuery.graphql.swift; sourceTree = "<group>"; };
		3AFE469C2C4C29F900AF85AD /* DateTime.swift */ = {isa = PBXFileReference; fileEncoding = 4; lastKnownFileType = sourcecode.swift; path = DateTime.swift; sourceTree = "<group>"; };
		3AFE469E2C4C29F900AF85AD /* _Node.graphql.swift */ = {isa = PBXFileReference; fileEncoding = 4; lastKnownFileType = sourcecode.swift; path = _Node.graphql.swift; sourceTree = "<group>"; };
		3AFE469F2C4C29F900AF85AD /* Entry.graphql.swift */ = {isa = PBXFileReference; fileEncoding = 4; lastKnownFileType = sourcecode.swift; path = Entry.graphql.swift; sourceTree = "<group>"; };
		3AFE46A12C4C29F900AF85AD /* Asset.graphql.swift */ = {isa = PBXFileReference; fileEncoding = 4; lastKnownFileType = sourcecode.swift; path = Asset.graphql.swift; sourceTree = "<group>"; };
		3AFE46A22C4C29F900AF85AD /* Course.graphql.swift */ = {isa = PBXFileReference; fileEncoding = 4; lastKnownFileType = sourcecode.swift; path = Course.graphql.swift; sourceTree = "<group>"; };
		3AFE46A32C4C29F900AF85AD /* CourseCollection.graphql.swift */ = {isa = PBXFileReference; fileEncoding = 4; lastKnownFileType = sourcecode.swift; path = CourseCollection.graphql.swift; sourceTree = "<group>"; };
		3AFE46A42C4C29F900AF85AD /* CourseSectionCollection.graphql.swift */ = {isa = PBXFileReference; fileEncoding = 4; lastKnownFileType = sourcecode.swift; path = CourseSectionCollection.graphql.swift; sourceTree = "<group>"; };
		3AFE46A52C4C29F900AF85AD /* Query.graphql.swift */ = {isa = PBXFileReference; fileEncoding = 4; lastKnownFileType = sourcecode.swift; path = Query.graphql.swift; sourceTree = "<group>"; };
		3AFE46A62C4C29F900AF85AD /* Section.graphql.swift */ = {isa = PBXFileReference; fileEncoding = 4; lastKnownFileType = sourcecode.swift; path = Section.graphql.swift; sourceTree = "<group>"; };
		3AFE46A72C4C29F900AF85AD /* Sys.graphql.swift */ = {isa = PBXFileReference; fileEncoding = 4; lastKnownFileType = sourcecode.swift; path = Sys.graphql.swift; sourceTree = "<group>"; };
		3AFE46A92C4C29F900AF85AD /* SchemaConfiguration.swift */ = {isa = PBXFileReference; fileEncoding = 4; lastKnownFileType = sourcecode.swift; path = SchemaConfiguration.swift; sourceTree = "<group>"; };
		3AFE46AA2C4C29F900AF85AD /* SchemaMetadata.graphql.swift */ = {isa = PBXFileReference; fileEncoding = 4; lastKnownFileType = sourcecode.swift; path = SchemaMetadata.graphql.swift; sourceTree = "<group>"; };
		3AFE46AC2C4C29F900AF85AD /* SwiftUIConcurrency.graphql.swift */ = {isa = PBXFileReference; fileEncoding = 4; lastKnownFileType = sourcecode.swift; path = SwiftUIConcurrency.graphql.swift; sourceTree = "<group>"; };
		3AFE46BD2C4C2A6F00AF85AD /* Network.swift */ = {isa = PBXFileReference; lastKnownFileType = sourcecode.swift; path = Network.swift; sourceTree = "<group>"; };
		3AFE46C02C4C2B5300AF85AD /* CourseViewModel.swift */ = {isa = PBXFileReference; lastKnownFileType = sourcecode.swift; path = CourseViewModel.swift; sourceTree = "<group>"; };
		3AFE46C32C4C31B100AF85AD /* CourseModel.swift */ = {isa = PBXFileReference; lastKnownFileType = sourcecode.swift; path = CourseModel.swift; sourceTree = "<group>"; };
		3AFE46C52C4D291300AF85AD /* CourseData.json */ = {isa = PBXFileReference; fileEncoding = 4; lastKnownFileType = text.json; path = CourseData.json; sourceTree = "<group>"; };
		3AFE46C72C4D291F00AF85AD /* LoadFromFile.swift */ = {isa = PBXFileReference; fileEncoding = 4; lastKnownFileType = sourcecode.swift; path = LoadFromFile.swift; sourceTree = "<group>"; };
		3AFE46C92C4D294900AF85AD /* PreviewData.swift */ = {isa = PBXFileReference; lastKnownFileType = sourcecode.swift; path = PreviewData.swift; sourceTree = "<group>"; };
		3AFE46CB2C4D2AB300AF85AD /* Extensions.swift */ = {isa = PBXFileReference; lastKnownFileType = sourcecode.swift; path = Extensions.swift; sourceTree = "<group>"; };
		442A26B82BFB7C84007AC523 /* DateTitle.swift */ = {isa = PBXFileReference; lastKnownFileType = sourcecode.swift; path = DateTitle.swift; sourceTree = "<group>"; };
		442A26BA2BFB7D91007AC523 /* HomeView.swift */ = {isa = PBXFileReference; lastKnownFileType = sourcecode.swift; path = HomeView.swift; sourceTree = "<group>"; };
		442A26BE2BFB7E36007AC523 /* FeaturedCourseCard.swift */ = {isa = PBXFileReference; lastKnownFileType = sourcecode.swift; path = FeaturedCourseCard.swift; sourceTree = "<group>"; };
		442A26C02BFB824A007AC523 /* FeaturedCourseList.swift */ = {isa = PBXFileReference; lastKnownFileType = sourcecode.swift; path = FeaturedCourseList.swift; sourceTree = "<group>"; };
		442A26C22BFB82F3007AC523 /* CourseCard.swift */ = {isa = PBXFileReference; lastKnownFileType = sourcecode.swift; path = CourseCard.swift; sourceTree = "<group>"; };
		442A26C42BFB8530007AC523 /* CourseList.swift */ = {isa = PBXFileReference; lastKnownFileType = sourcecode.swift; path = CourseList.swift; sourceTree = "<group>"; };
		443166262BD16D990080B121 /* SwiftUIConcurrency.app */ = {isa = PBXFileReference; explicitFileType = wrapper.application; includeInIndex = 0; path = SwiftUIConcurrency.app; sourceTree = BUILT_PRODUCTS_DIR; };
		443166292BD16D990080B121 /* SwiftUIConcurrencyApp.swift */ = {isa = PBXFileReference; lastKnownFileType = sourcecode.swift; path = SwiftUIConcurrencyApp.swift; sourceTree = "<group>"; };
		4431662B2BD16D990080B121 /* ContentView.swift */ = {isa = PBXFileReference; lastKnownFileType = sourcecode.swift; path = ContentView.swift; sourceTree = "<group>"; };
		4431662D2BD16D9A0080B121 /* Assets.xcassets */ = {isa = PBXFileReference; lastKnownFileType = folder.assetcatalog; path = Assets.xcassets; sourceTree = "<group>"; };
		443166302BD16D9A0080B121 /* Preview Assets.xcassets */ = {isa = PBXFileReference; lastKnownFileType = folder.assetcatalog; path = "Preview Assets.xcassets"; sourceTree = "<group>"; };
/* End PBXFileReference section */

/* Begin PBXFrameworksBuildPhase section */
		443166232BD16D990080B121 /* Frameworks */ = {
			isa = PBXFrameworksBuildPhase;
			buildActionMask = 2147483647;
			files = (
				442A26C82BFB92B7007AC523 /* Apollo in Frameworks */,
			);
			runOnlyForDeploymentPostprocessing = 0;
		};
/* End PBXFrameworksBuildPhase section */

/* Begin PBXGroup section */
		3AFE469A2C4C29F900AF85AD /* Queries */ = {
			isa = PBXGroup;
			children = (
				3AFE46992C4C29F900AF85AD /* CourseQuery.graphql.swift */,
			);
			path = Queries;
			sourceTree = "<group>";
		};
		3AFE469B2C4C29F900AF85AD /* Operations */ = {
			isa = PBXGroup;
			children = (
				3AFE469A2C4C29F900AF85AD /* Queries */,
			);
			path = Operations;
			sourceTree = "<group>";
		};
		3AFE469D2C4C29F900AF85AD /* CustomScalars */ = {
			isa = PBXGroup;
			children = (
				3AFE469C2C4C29F900AF85AD /* DateTime.swift */,
			);
			path = CustomScalars;
			sourceTree = "<group>";
		};
		3AFE46A02C4C29F900AF85AD /* Interfaces */ = {
			isa = PBXGroup;
			children = (
				3AFE469E2C4C29F900AF85AD /* _Node.graphql.swift */,
				3AFE469F2C4C29F900AF85AD /* Entry.graphql.swift */,
			);
			path = Interfaces;
			sourceTree = "<group>";
		};
		3AFE46A82C4C29F900AF85AD /* Objects */ = {
			isa = PBXGroup;
			children = (
				3AFE46A12C4C29F900AF85AD /* Asset.graphql.swift */,
				3AFE46A22C4C29F900AF85AD /* Course.graphql.swift */,
				3AFE46A32C4C29F900AF85AD /* CourseCollection.graphql.swift */,
				3AFE46A42C4C29F900AF85AD /* CourseSectionCollection.graphql.swift */,
				3AFE46A52C4C29F900AF85AD /* Query.graphql.swift */,
				3AFE46A62C4C29F900AF85AD /* Section.graphql.swift */,
				3AFE46A72C4C29F900AF85AD /* Sys.graphql.swift */,
			);
			path = Objects;
			sourceTree = "<group>";
		};
		3AFE46AB2C4C29F900AF85AD /* Schema */ = {
			isa = PBXGroup;
			children = (
				3AFE469D2C4C29F900AF85AD /* CustomScalars */,
				3AFE46A02C4C29F900AF85AD /* Interfaces */,
				3AFE46A82C4C29F900AF85AD /* Objects */,
				3AFE46A92C4C29F900AF85AD /* SchemaConfiguration.swift */,
				3AFE46AA2C4C29F900AF85AD /* SchemaMetadata.graphql.swift */,
			);
			path = Schema;
			sourceTree = "<group>";
		};
		3AFE46AD2C4C29F900AF85AD /* SwiftUIConcurrency */ = {
			isa = PBXGroup;
			children = (
				3AFE469B2C4C29F900AF85AD /* Operations */,
				3AFE46AB2C4C29F900AF85AD /* Schema */,
				3AFE46AC2C4C29F900AF85AD /* SwiftUIConcurrency.graphql.swift */,
			);
			path = SwiftUIConcurrency;
			sourceTree = "<group>";
		};
		3AFE46BC2C4C2A5D00AF85AD /* Utils */ = {
			isa = PBXGroup;
			children = (
				3AFE46C72C4D291F00AF85AD /* LoadFromFile.swift */,
				3AFE46BD2C4C2A6F00AF85AD /* Network.swift */,
				3AFE46CB2C4D2AB300AF85AD /* Extensions.swift */,
			);
			path = Utils;
			sourceTree = "<group>";
		};
		3AFE46BF2C4C2B3D00AF85AD /* ViewModels */ = {
			isa = PBXGroup;
			children = (
				3AFE46C02C4C2B5300AF85AD /* CourseViewModel.swift */,
			);
			path = ViewModels;
			sourceTree = "<group>";
		};
		3AFE46C22C4C31A000AF85AD /* Models */ = {
			isa = PBXGroup;
			children = (
				3AFE46C32C4C31B100AF85AD /* CourseModel.swift */,
			);
			path = Models;
			sourceTree = "<group>";
		};
		442A26BC2BFB7D9F007AC523 /* Components */ = {
			isa = PBXGroup;
			children = (
				442A26B82BFB7C84007AC523 /* DateTitle.swift */,
				442A26C22BFB82F3007AC523 /* CourseCard.swift */,
				442A26BE2BFB7E36007AC523 /* FeaturedCourseCard.swift */,
				442A26C02BFB824A007AC523 /* FeaturedCourseList.swift */,
				442A26C42BFB8530007AC523 /* CourseList.swift */,
			);
			path = Components;
			sourceTree = "<group>";
		};
		442A26BD2BFB7DAB007AC523 /* Views */ = {
			isa = PBXGroup;
			children = (
				4431662B2BD16D990080B121 /* ContentView.swift */,
				442A26BA2BFB7D91007AC523 /* HomeView.swift */,
			);
			path = Views;
			sourceTree = "<group>";
		};
		4431661D2BD16D990080B121 = {
			isa = PBXGroup;
			children = (
				443166282BD16D990080B121 /* SwiftUIConcurrency */,
				443166272BD16D990080B121 /* Products */,
			);
			sourceTree = "<group>";
		};
		443166272BD16D990080B121 /* Products */ = {
			isa = PBXGroup;
			children = (
				443166262BD16D990080B121 /* SwiftUIConcurrency.app */,
			);
			name = Products;
			sourceTree = "<group>";
		};
		443166282BD16D990080B121 /* SwiftUIConcurrency */ = {
			isa = PBXGroup;
			children = (
				3AFE46C22C4C31A000AF85AD /* Models */,
				3AFE46BC2C4C2A5D00AF85AD /* Utils */,
				3AFE46BF2C4C2B3D00AF85AD /* ViewModels */,
				3AFE46AD2C4C29F900AF85AD /* SwiftUIConcurrency */,
				3AFE46972C4C198300AF85AD /* schema.json */,
				443166292BD16D990080B121 /* SwiftUIConcurrencyApp.swift */,
				442A26BD2BFB7DAB007AC523 /* Views */,
				4431662D2BD16D9A0080B121 /* Assets.xcassets */,
				4431662F2BD16D9A0080B121 /* Preview Content */,
				442A26BC2BFB7D9F007AC523 /* Components */,
				3AFE46942C4C17C900AF85AD /* CourseQuery.graphql */,
			);
			path = SwiftUIConcurrency;
			sourceTree = "<group>";
		};
		4431662F2BD16D9A0080B121 /* Preview Content */ = {
			isa = PBXGroup;
			children = (
				3AFE46C52C4D291300AF85AD /* CourseData.json */,
				443166302BD16D9A0080B121 /* Preview Assets.xcassets */,
				3AFE46C92C4D294900AF85AD /* PreviewData.swift */,
			);
			path = "Preview Content";
			sourceTree = "<group>";
		};
/* End PBXGroup section */

/* Begin PBXNativeTarget section */
		443166252BD16D990080B121 /* SwiftUIConcurrency */ = {
			isa = PBXNativeTarget;
			buildConfigurationList = 443166342BD16D9A0080B121 /* Build configuration list for PBXNativeTarget "SwiftUIConcurrency" */;
			buildPhases = (
				443166222BD16D990080B121 /* Sources */,
				443166232BD16D990080B121 /* Frameworks */,
				443166242BD16D990080B121 /* Resources */,
			);
			buildRules = (
			);
			dependencies = (
			);
			name = SwiftUIConcurrency;
			packageProductDependencies = (
				442A26C72BFB92B7007AC523 /* Apollo */,
			);
			productName = SwiftUIConcurrency;
			productReference = 443166262BD16D990080B121 /* SwiftUIConcurrency.app */;
			productType = "com.apple.product-type.application";
		};
/* End PBXNativeTarget section */

/* Begin PBXProject section */
		4431661E2BD16D990080B121 /* Project object */ = {
			isa = PBXProject;
			attributes = {
				BuildIndependentTargetsInParallel = 1;
				LastSwiftUpdateCheck = 1510;
				LastUpgradeCheck = 1510;
				TargetAttributes = {
					443166252BD16D990080B121 = {
						CreatedOnToolsVersion = 15.1;
					};
				};
			};
			buildConfigurationList = 443166212BD16D990080B121 /* Build configuration list for PBXProject "SwiftUIConcurrency" */;
			compatibilityVersion = "Xcode 14.0";
			developmentRegion = en;
			hasScannedForEncodings = 0;
			knownRegions = (
				en,
				Base,
			);
			mainGroup = 4431661D2BD16D990080B121;
			packageReferences = (
				442A26C62BFB92B7007AC523 /* XCRemoteSwiftPackageReference "apollo-ios" */,
			);
			productRefGroup = 443166272BD16D990080B121 /* Products */;
			projectDirPath = "";
			projectRoot = "";
			targets = (
				443166252BD16D990080B121 /* SwiftUIConcurrency */,
			);
		};
/* End PBXProject section */

/* Begin PBXResourcesBuildPhase section */
		443166242BD16D990080B121 /* Resources */ = {
			isa = PBXResourcesBuildPhase;
			buildActionMask = 2147483647;
			files = (
				3AFE46982C4C198300AF85AD /* schema.json in Resources */,
				443166312BD16D9A0080B121 /* Preview Assets.xcassets in Resources */,
				4431662E2BD16D9A0080B121 /* Assets.xcassets in Resources */,
				3AFE46C62C4D291300AF85AD /* CourseData.json in Resources */,
				3AFE46952C4C17C900AF85AD /* CourseQuery.graphql in Resources */,
			);
			runOnlyForDeploymentPostprocessing = 0;
		};
/* End PBXResourcesBuildPhase section */

/* Begin PBXSourcesBuildPhase section */
		443166222BD16D990080B121 /* Sources */ = {
			isa = PBXSourcesBuildPhase;
			buildActionMask = 2147483647;
			files = (
				3AFE46B22C4C29F900AF85AD /* Asset.graphql.swift in Sources */,
				3AFE46C42C4C31B100AF85AD /* CourseModel.swift in Sources */,
				442A26C52BFB8530007AC523 /* CourseList.swift in Sources */,
				3AFE46B42C4C29F900AF85AD /* CourseCollection.graphql.swift in Sources */,
				4431662C2BD16D990080B121 /* ContentView.swift in Sources */,
				3AFE46B72C4C29F900AF85AD /* Section.graphql.swift in Sources */,
				3AFE46B92C4C29F900AF85AD /* SchemaConfiguration.swift in Sources */,
				3AFE46AF2C4C29F900AF85AD /* DateTime.swift in Sources */,
				3AFE46B62C4C29F900AF85AD /* Query.graphql.swift in Sources */,
				3AFE46B02C4C29F900AF85AD /* _Node.graphql.swift in Sources */,
				442A26BB2BFB7D91007AC523 /* HomeView.swift in Sources */,
				3AFE46B12C4C29F900AF85AD /* Entry.graphql.swift in Sources */,
				3AFE46B32C4C29F900AF85AD /* Course.graphql.swift in Sources */,
				442A26C12BFB824A007AC523 /* FeaturedCourseList.swift in Sources */,
				4431662A2BD16D990080B121 /* SwiftUIConcurrencyApp.swift in Sources */,
				442A26C32BFB82F3007AC523 /* CourseCard.swift in Sources */,
				442A26B92BFB7C84007AC523 /* DateTitle.swift in Sources */,
				3AFE46BB2C4C29F900AF85AD /* SwiftUIConcurrency.graphql.swift in Sources */,
				3AFE46BA2C4C29F900AF85AD /* SchemaMetadata.graphql.swift in Sources */,
				442A26BF2BFB7E36007AC523 /* FeaturedCourseCard.swift in Sources */,
				3AFE46AE2C4C29F900AF85AD /* CourseQuery.graphql.swift in Sources */,
				3AFE46B82C4C29F900AF85AD /* Sys.graphql.swift in Sources */,
				3AFE46C12C4C2B5300AF85AD /* CourseViewModel.swift in Sources */,
				3AFE46CA2C4D294900AF85AD /* PreviewData.swift in Sources */,
				3AFE46C82C4D291F00AF85AD /* LoadFromFile.swift in Sources */,
				3AFE46B52C4C29F900AF85AD /* CourseSectionCollection.graphql.swift in Sources */,
				3AFE46BE2C4C2A6F00AF85AD /* Network.swift in Sources */,
				3AFE46CC2C4D2AB300AF85AD /* Extensions.swift in Sources */,
			);
			runOnlyForDeploymentPostprocessing = 0;
		};
/* End PBXSourcesBuildPhase section */

/* Begin XCBuildConfiguration section */
		443166322BD16D9A0080B121 /* Debug */ = {
			isa = XCBuildConfiguration;
			buildSettings = {
				ALWAYS_SEARCH_USER_PATHS = NO;
				ASSETCATALOG_COMPILER_GENERATE_SWIFT_ASSET_SYMBOL_EXTENSIONS = YES;
				CLANG_ANALYZER_NONNULL = YES;
				CLANG_ANALYZER_NUMBER_OBJECT_CONVERSION = YES_AGGRESSIVE;
				CLANG_CXX_LANGUAGE_STANDARD = "gnu++20";
				CLANG_ENABLE_MODULES = YES;
				CLANG_ENABLE_OBJC_ARC = YES;
				CLANG_ENABLE_OBJC_WEAK = YES;
				CLANG_WARN_BLOCK_CAPTURE_AUTORELEASING = YES;
				CLANG_WARN_BOOL_CONVERSION = YES;
				CLANG_WARN_COMMA = YES;
				CLANG_WARN_CONSTANT_CONVERSION = YES;
				CLANG_WARN_DEPRECATED_OBJC_IMPLEMENTATIONS = YES;
				CLANG_WARN_DIRECT_OBJC_ISA_USAGE = YES_ERROR;
				CLANG_WARN_DOCUMENTATION_COMMENTS = YES;
				CLANG_WARN_EMPTY_BODY = YES;
				CLANG_WARN_ENUM_CONVERSION = YES;
				CLANG_WARN_INFINITE_RECURSION = YES;
				CLANG_WARN_INT_CONVERSION = YES;
				CLANG_WARN_NON_LITERAL_NULL_CONVERSION = YES;
				CLANG_WARN_OBJC_IMPLICIT_RETAIN_SELF = YES;
				CLANG_WARN_OBJC_LITERAL_CONVERSION = YES;
				CLANG_WARN_OBJC_ROOT_CLASS = YES_ERROR;
				CLANG_WARN_QUOTED_INCLUDE_IN_FRAMEWORK_HEADER = YES;
				CLANG_WARN_RANGE_LOOP_ANALYSIS = YES;
				CLANG_WARN_STRICT_PROTOTYPES = YES;
				CLANG_WARN_SUSPICIOUS_MOVE = YES;
				CLANG_WARN_UNGUARDED_AVAILABILITY = YES_AGGRESSIVE;
				CLANG_WARN_UNREACHABLE_CODE = YES;
				CLANG_WARN__DUPLICATE_METHOD_MATCH = YES;
				COPY_PHASE_STRIP = NO;
				DEBUG_INFORMATION_FORMAT = dwarf;
				ENABLE_STRICT_OBJC_MSGSEND = YES;
				ENABLE_TESTABILITY = YES;
				ENABLE_USER_SCRIPT_SANDBOXING = YES;
				GCC_C_LANGUAGE_STANDARD = gnu17;
				GCC_DYNAMIC_NO_PIC = NO;
				GCC_NO_COMMON_BLOCKS = YES;
				GCC_OPTIMIZATION_LEVEL = 0;
				GCC_PREPROCESSOR_DEFINITIONS = (
					"DEBUG=1",
					"$(inherited)",
				);
				GCC_WARN_64_TO_32_BIT_CONVERSION = YES;
				GCC_WARN_ABOUT_RETURN_TYPE = YES_ERROR;
				GCC_WARN_UNDECLARED_SELECTOR = YES;
				GCC_WARN_UNINITIALIZED_AUTOS = YES_AGGRESSIVE;
				GCC_WARN_UNUSED_FUNCTION = YES;
				GCC_WARN_UNUSED_VARIABLE = YES;
				IPHONEOS_DEPLOYMENT_TARGET = 17.2;
				LOCALIZATION_PREFERS_STRING_CATALOGS = YES;
				MTL_ENABLE_DEBUG_INFO = INCLUDE_SOURCE;
				MTL_FAST_MATH = YES;
				ONLY_ACTIVE_ARCH = YES;
				SDKROOT = iphoneos;
				SWIFT_ACTIVE_COMPILATION_CONDITIONS = "DEBUG $(inherited)";
				SWIFT_OPTIMIZATION_LEVEL = "-Onone";
			};
			name = Debug;
		};
		443166332BD16D9A0080B121 /* Release */ = {
			isa = XCBuildConfiguration;
			buildSettings = {
				ALWAYS_SEARCH_USER_PATHS = NO;
				ASSETCATALOG_COMPILER_GENERATE_SWIFT_ASSET_SYMBOL_EXTENSIONS = YES;
				CLANG_ANALYZER_NONNULL = YES;
				CLANG_ANALYZER_NUMBER_OBJECT_CONVERSION = YES_AGGRESSIVE;
				CLANG_CXX_LANGUAGE_STANDARD = "gnu++20";
				CLANG_ENABLE_MODULES = YES;
				CLANG_ENABLE_OBJC_ARC = YES;
				CLANG_ENABLE_OBJC_WEAK = YES;
				CLANG_WARN_BLOCK_CAPTURE_AUTORELEASING = YES;
				CLANG_WARN_BOOL_CONVERSION = YES;
				CLANG_WARN_COMMA = YES;
				CLANG_WARN_CONSTANT_CONVERSION = YES;
				CLANG_WARN_DEPRECATED_OBJC_IMPLEMENTATIONS = YES;
				CLANG_WARN_DIRECT_OBJC_ISA_USAGE = YES_ERROR;
				CLANG_WARN_DOCUMENTATION_COMMENTS = YES;
				CLANG_WARN_EMPTY_BODY = YES;
				CLANG_WARN_ENUM_CONVERSION = YES;
				CLANG_WARN_INFINITE_RECURSION = YES;
				CLANG_WARN_INT_CONVERSION = YES;
				CLANG_WARN_NON_LITERAL_NULL_CONVERSION = YES;
				CLANG_WARN_OBJC_IMPLICIT_RETAIN_SELF = YES;
				CLANG_WARN_OBJC_LITERAL_CONVERSION = YES;
				CLANG_WARN_OBJC_ROOT_CLASS = YES_ERROR;
				CLANG_WARN_QUOTED_INCLUDE_IN_FRAMEWORK_HEADER = YES;
				CLANG_WARN_RANGE_LOOP_ANALYSIS = YES;
				CLANG_WARN_STRICT_PROTOTYPES = YES;
				CLANG_WARN_SUSPICIOUS_MOVE = YES;
				CLANG_WARN_UNGUARDED_AVAILABILITY = YES_AGGRESSIVE;
				CLANG_WARN_UNREACHABLE_CODE = YES;
				CLANG_WARN__DUPLICATE_METHOD_MATCH = YES;
				COPY_PHASE_STRIP = NO;
				DEBUG_INFORMATION_FORMAT = "dwarf-with-dsym";
				ENABLE_NS_ASSERTIONS = NO;
				ENABLE_STRICT_OBJC_MSGSEND = YES;
				ENABLE_USER_SCRIPT_SANDBOXING = YES;
				GCC_C_LANGUAGE_STANDARD = gnu17;
				GCC_NO_COMMON_BLOCKS = YES;
				GCC_WARN_64_TO_32_BIT_CONVERSION = YES;
				GCC_WARN_ABOUT_RETURN_TYPE = YES_ERROR;
				GCC_WARN_UNDECLARED_SELECTOR = YES;
				GCC_WARN_UNINITIALIZED_AUTOS = YES_AGGRESSIVE;
				GCC_WARN_UNUSED_FUNCTION = YES;
				GCC_WARN_UNUSED_VARIABLE = YES;
				IPHONEOS_DEPLOYMENT_TARGET = 17.2;
				LOCALIZATION_PREFERS_STRING_CATALOGS = YES;
				MTL_ENABLE_DEBUG_INFO = NO;
				MTL_FAST_MATH = YES;
				SDKROOT = iphoneos;
				SWIFT_COMPILATION_MODE = wholemodule;
				VALIDATE_PRODUCT = YES;
			};
			name = Release;
		};
		443166352BD16D9A0080B121 /* Debug */ = {
			isa = XCBuildConfiguration;
			buildSettings = {
				ASSETCATALOG_COMPILER_APPICON_NAME = AppIcon;
				ASSETCATALOG_COMPILER_GLOBAL_ACCENT_COLOR_NAME = AccentColor;
				CODE_SIGN_STYLE = Automatic;
				CURRENT_PROJECT_VERSION = 1;
				DEVELOPMENT_ASSET_PATHS = "\"SwiftUIConcurrency/Preview Content\"";
				DEVELOPMENT_TEAM = S5766AV554;
				ENABLE_PREVIEWS = YES;
				GENERATE_INFOPLIST_FILE = YES;
				INFOPLIST_KEY_UIApplicationSceneManifest_Generation = YES;
				INFOPLIST_KEY_UIApplicationSupportsIndirectInputEvents = YES;
				INFOPLIST_KEY_UILaunchScreen_Generation = YES;
				INFOPLIST_KEY_UISupportedInterfaceOrientations_iPad = "UIInterfaceOrientationPortrait UIInterfaceOrientationPortraitUpsideDown UIInterfaceOrientationLandscapeLeft UIInterfaceOrientationLandscapeRight";
				INFOPLIST_KEY_UISupportedInterfaceOrientations_iPhone = "UIInterfaceOrientationPortrait UIInterfaceOrientationLandscapeLeft UIInterfaceOrientationLandscapeRight";
				IPHONEOS_DEPLOYMENT_TARGET = 15.0;
				LD_RUNPATH_SEARCH_PATHS = (
					"$(inherited)",
					"@executable_path/Frameworks",
				);
				MARKETING_VERSION = 1.0;
				PRODUCT_BUNDLE_IDENTIFIER = com.notbad.SwiftUIConcurrency;
				PRODUCT_NAME = "$(TARGET_NAME)";
				SWIFT_EMIT_LOC_STRINGS = YES;
				SWIFT_VERSION = 5.0;
				TARGETED_DEVICE_FAMILY = "1,2";
			};
			name = Debug;
		};
		443166362BD16D9A0080B121 /* Release */ = {
			isa = XCBuildConfiguration;
			buildSettings = {
				ASSETCATALOG_COMPILER_APPICON_NAME = AppIcon;
				ASSETCATALOG_COMPILER_GLOBAL_ACCENT_COLOR_NAME = AccentColor;
				CODE_SIGN_STYLE = Automatic;
				CURRENT_PROJECT_VERSION = 1;
				DEVELOPMENT_ASSET_PATHS = "\"SwiftUIConcurrency/Preview Content\"";
				DEVELOPMENT_TEAM = S5766AV554;
				ENABLE_PREVIEWS = YES;
				GENERATE_INFOPLIST_FILE = YES;
				INFOPLIST_KEY_UIApplicationSceneManifest_Generation = YES;
				INFOPLIST_KEY_UIApplicationSupportsIndirectInputEvents = YES;
				INFOPLIST_KEY_UILaunchScreen_Generation = YES;
				INFOPLIST_KEY_UISupportedInterfaceOrientations_iPad = "UIInterfaceOrientationPortrait UIInterfaceOrientationPortraitUpsideDown UIInterfaceOrientationLandscapeLeft UIInterfaceOrientationLandscapeRight";
				INFOPLIST_KEY_UISupportedInterfaceOrientations_iPhone = "UIInterfaceOrientationPortrait UIInterfaceOrientationLandscapeLeft UIInterfaceOrientationLandscapeRight";
				IPHONEOS_DEPLOYMENT_TARGET = 15.0;
				LD_RUNPATH_SEARCH_PATHS = (
					"$(inherited)",
					"@executable_path/Frameworks",
				);
				MARKETING_VERSION = 1.0;
				PRODUCT_BUNDLE_IDENTIFIER = com.notbad.SwiftUIConcurrency;
				PRODUCT_NAME = "$(TARGET_NAME)";
				SWIFT_EMIT_LOC_STRINGS = YES;
				SWIFT_VERSION = 5.0;
				TARGETED_DEVICE_FAMILY = "1,2";
			};
			name = Release;
		};
/* End XCBuildConfiguration section */

/* Begin XCConfigurationList section */
		443166212BD16D990080B121 /* Build configuration list for PBXProject "SwiftUIConcurrency" */ = {
			isa = XCConfigurationList;
			buildConfigurations = (
				443166322BD16D9A0080B121 /* Debug */,
				443166332BD16D9A0080B121 /* Release */,
			);
			defaultConfigurationIsVisible = 0;
			defaultConfigurationName = Release;
		};
		443166342BD16D9A0080B121 /* Build configuration list for PBXNativeTarget "SwiftUIConcurrency" */ = {
			isa = XCConfigurationList;
			buildConfigurations = (
				443166352BD16D9A0080B121 /* Debug */,
				443166362BD16D9A0080B121 /* Release */,
			);
			defaultConfigurationIsVisible = 0;
			defaultConfigurationName = Release;
		};
/* End XCConfigurationList section */

/* Begin XCRemoteSwiftPackageReference section */
		442A26C62BFB92B7007AC523 /* XCRemoteSwiftPackageReference "apollo-ios" */ = {
			isa = XCRemoteSwiftPackageReference;
			repositoryURL = "https://github.com/apollographql/apollo-ios";
			requirement = {
				kind = upToNextMajorVersion;
				minimumVersion = 1.11.0;
			};
		};
/* End XCRemoteSwiftPackageReference section */

/* Begin XCSwiftPackageProductDependency section */
		442A26C72BFB92B7007AC523 /* Apollo */ = {
			isa = XCSwiftPackageProductDependency;
			package = 442A26C62BFB92B7007AC523 /* XCRemoteSwiftPackageReference "apollo-ios" */;
			productName = Apollo;
		};
/* End XCSwiftPackageProductDependency section */
	};
	rootObject = 4431661E2BD16D990080B121 /* Project object */;
}
